
Microsoft Visual Studio Solution File, Format Version 12.00
# Visual Studio Version 17
VisualStudioVersion = 17.5.2.0
MinimumVisualStudioVersion = 10.0.40219.1
Project("{FAE04EC0-301F-11D3-BF4B-00C04F79EFBC}") = "OsrsTool.Domain", "OsrsTool.Domain\OsrsTool.Domain.csproj", "{DF6E510F-6FBA-358D-C018-B13D35925DAA}"
EndProject
Project("{FAE04EC0-301F-11D3-BF4B-00C04F79EFBC}") = "OsrsTool.server", "OsrsTool.server\OsrsTool.server.csproj", "{62296710-0739-DCE3-93D3-338E566BC452}"
EndProject
Project("{FAE04EC0-301F-11D3-BF4B-00C04F79EFBC}") = "OsrsTool.Test", "Test\OsrsTool.Test.csproj", "{89C2182C-64AF-6231-5BAE-4585B9AA7C23}"
EndProject
Project("{FAE04EC0-301F-11D3-BF4B-00C04F79EFBC}") = "OsrsTool.Infrastructure", "OsrsTool.Infrastructure\OsrsTool.Infrastructure.csproj", "{7227C8B4-AF50-4259-A19D-E5D5355DD4B3}"
EndProject
Global
	GlobalSection(SolutionConfigurationPlatforms) = preSolution
		Debug|Any CPU = Debug|Any CPU
		Debug|x64 = Debug|x64
		Debug|x86 = Debug|x86
		Release|Any CPU = Release|Any CPU
		Release|x64 = Release|x64
		Release|x86 = Release|x86
	EndGlobalSection
	GlobalSection(ProjectConfigurationPlatforms) = postSolution
		{DF6E510F-6FBA-358D-C018-B13D35925DAA}.Debug|Any CPU.ActiveCfg = Debug|Any CPU
		{DF6E510F-6FBA-358D-C018-B13D35925DAA}.Debug|Any CPU.Build.0 = Debug|Any CPU
		{DF6E510F-6FBA-358D-C018-B13D35925DAA}.Debug|x64.ActiveCfg = Debug|Any CPU
		{DF6E510F-6FBA-358D-C018-B13D35925DAA}.Debug|x64.Build.0 = Debug|Any CPU
		{DF6E510F-6FBA-358D-C018-B13D35925DAA}.Debug|x86.ActiveCfg = Debug|Any CPU
		{DF6E510F-6FBA-358D-C018-B13D35925DAA}.Debug|x86.Build.0 = Debug|Any CPU
		{DF6E510F-6FBA-358D-C018-B13D35925DAA}.Release|Any CPU.ActiveCfg = Release|Any CPU
		{DF6E510F-6FBA-358D-C018-B13D35925DAA}.Release|Any CPU.Build.0 = Release|Any CPU
		{DF6E510F-6FBA-358D-C018-B13D35925DAA}.Release|x64.ActiveCfg = Release|Any CPU
		{DF6E510F-6FBA-358D-C018-B13D35925DAA}.Release|x64.Build.0 = Release|Any CPU
		{DF6E510F-6FBA-358D-C018-B13D35925DAA}.Release|x86.ActiveCfg = Release|Any CPU
		{DF6E510F-6FBA-358D-C018-B13D35925DAA}.Release|x86.Build.0 = Release|Any CPU
		{62296710-0739-DCE3-93D3-338E566BC452}.Debug|Any CPU.ActiveCfg = Debug|Any CPU
		{62296710-0739-DCE3-93D3-338E566BC452}.Debug|Any CPU.Build.0 = Debug|Any CPU
		{62296710-0739-DCE3-93D3-338E566BC452}.Debug|x64.ActiveCfg = Debug|Any CPU
		{62296710-0739-DCE3-93D3-338E566BC452}.Debug|x64.Build.0 = Debug|Any CPU
		{62296710-0739-DCE3-93D3-338E566BC452}.Debug|x86.ActiveCfg = Debug|Any CPU
		{62296710-0739-DCE3-93D3-338E566BC452}.Debug|x86.Build.0 = Debug|Any CPU
		{62296710-0739-DCE3-93D3-338E566BC452}.Release|Any CPU.ActiveCfg = Release|Any CPU
		{62296710-0739-DCE3-93D3-338E566BC452}.Release|Any CPU.Build.0 = Release|Any CPU
		{62296710-0739-DCE3-93D3-338E566BC452}.Release|x64.ActiveCfg = Release|Any CPU
		{62296710-0739-DCE3-93D3-338E566BC452}.Release|x64.Build.0 = Release|Any CPU
		{62296710-0739-DCE3-93D3-338E566BC452}.Release|x86.ActiveCfg = Release|Any CPU
		{62296710-0739-DCE3-93D3-338E566BC452}.Release|x86.Build.0 = Release|Any CPU
		{89C2182C-64AF-6231-5BAE-4585B9AA7C23}.Debug|Any CPU.ActiveCfg = Debug|Any CPU
		{89C2182C-64AF-6231-5BAE-4585B9AA7C23}.Debug|Any CPU.Build.0 = Debug|Any CPU
		{89C2182C-64AF-6231-5BAE-4585B9AA7C23}.Debug|x64.ActiveCfg = Debug|Any CPU
		{89C2182C-64AF-6231-5BAE-4585B9AA7C23}.Debug|x64.Build.0 = Debug|Any CPU
		{89C2182C-64AF-6231-5BAE-4585B9AA7C23}.Debug|x86.ActiveCfg = Debug|Any CPU
		{89C2182C-64AF-6231-5BAE-4585B9AA7C23}.Debug|x86.Build.0 = Debug|Any CPU
		{89C2182C-64AF-6231-5BAE-4585B9AA7C23}.Release|Any CPU.ActiveCfg = Release|Any CPU
		{89C2182C-64AF-6231-5BAE-4585B9AA7C23}.Release|Any CPU.Build.0 = Release|Any CPU
		{89C2182C-64AF-6231-5BAE-4585B9AA7C23}.Release|x64.ActiveCfg = Release|Any CPU
		{89C2182C-64AF-6231-5BAE-4585B9AA7C23}.Release|x64.Build.0 = Release|Any CPU
		{89C2182C-64AF-6231-5BAE-4585B9AA7C23}.Release|x86.ActiveCfg = Release|Any CPU
		{89C2182C-64AF-6231-5BAE-4585B9AA7C23}.Release|x86.Build.0 = Release|Any CPU
		{7227C8B4-AF50-4259-A19D-E5D5355DD4B3}.Debug|Any CPU.ActiveCfg = Debug|Any CPU
		{7227C8B4-AF50-4259-A19D-E5D5355DD4B3}.Debug|Any CPU.Build.0 = Debug|Any CPU
		{7227C8B4-AF50-4259-A19D-E5D5355DD4B3}.Debug|x64.ActiveCfg = Debug|Any CPU
		{7227C8B4-AF50-4259-A19D-E5D5355DD4B3}.Debug|x64.Build.0 = Debug|Any CPU
		{7227C8B4-AF50-4259-A19D-E5D5355DD4B3}.Debug|x86.ActiveCfg = Debug|Any CPU
		{7227C8B4-AF50-4259-A19D-E5D5355DD4B3}.Debug|x86.Build.0 = Debug|Any CPU
		{7227C8B4-AF50-4259-A19D-E5D5355DD4B3}.Release|Any CPU.ActiveCfg = Release|Any CPU
		{7227C8B4-AF50-4259-A19D-E5D5355DD4B3}.Release|Any CPU.Build.0 = Release|Any CPU
		{7227C8B4-AF50-4259-A19D-E5D5355DD4B3}.Release|x64.ActiveCfg = Release|Any CPU
		{7227C8B4-AF50-4259-A19D-E5D5355DD4B3}.Release|x64.Build.0 = Release|Any CPU
		{7227C8B4-AF50-4259-A19D-E5D5355DD4B3}.Release|x86.ActiveCfg = Release|Any CPU
		{7227C8B4-AF50-4259-A19D-E5D5355DD4B3}.Release|x86.Build.0 = Release|Any CPU
	EndGlobalSection
	GlobalSection(SolutionProperties) = preSolution
		HideSolutionNode = FALSE
	EndGlobalSection
	GlobalSection(ExtensibilityGlobals) = postSolution
		SolutionGuid = {1CFFDD17-A1EF-4F0E-BD9C-66C62EB24206}
	EndGlobalSection
EndGlobal
