
Microsoft Visual Studio Solution File, Format Version 12.00
# Visual Studio Version 17
VisualStudioVersion = 17.0.31903.59
MinimumVisualStudioVersion = 10.0.40219.1
Project("{2150E333-8FDC-42A3-9474-1A3956D46DE8}") = "src", "src", "{827E0CD3-B72D-47B6-A68D-7590B98EB39B}"
EndProject
Project("{FAE04EC0-301F-11D3-BF4B-00C04F79EFBC}") = "OsrsTool.Api", "src\OsrsTool.Api\OsrsTool.Api.csproj", "{4A890D86-3F1A-46F2-88D0-6653262986A3}"
EndProject
Project("{FAE04EC0-301F-11D3-BF4B-00C04F79EFBC}") = "OsrsTool.Domain", "src\OsrsTool.Domain\OsrsTool.Domain.csproj", "{EC34AFC4-76C0-4B54-91E7-BAA56DFD354A}"
EndProject
Project("{FAE04EC0-301F-11D3-BF4B-00C04F79EFBC}") = "OsrsTool.Application", "src\OsrsTool.Application\OsrsTool.Application.csproj", "{CC4C3641-483C-443C-9318-658CC7EF87A4}"
EndProject
Project("{FAE04EC0-301F-11D3-BF4B-00C04F79EFBC}") = "OsrsTool.Infrastructure", "src\OsrsTool.Infrastructure\OsrsTool.Infrastructure.csproj", "{3E6BDDB8-7450-4364-830C-7D38195E5830}"
EndProject
Project("{2150E333-8FDC-42A3-9474-1A3956D46DE8}") = "tests", "tests", "{0AB3BF05-4346-4AA6-1389-037BE0695223}"
EndProject
Project("{FAE04EC0-301F-11D3-BF4B-00C04F79EFBC}") = "OsrsTool.Domain.Tests", "tests\OsrsTool.Domain.Tests\OsrsTool.Domain.Tests.csproj", "{C4B97E54-FEFB-4151-A638-57D03334C34B}"
EndProject
Project("{FAE04EC0-301F-11D3-BF4B-00C04F79EFBC}") = "OsrsTool.Application.Tests", "tests\OsrsTool.Application.Tests\OsrsTool.Application.Tests.csproj", "{E2E27220-D884-4868-A44E-82E959093229}"
EndProject
Project("{FAE04EC0-301F-11D3-BF4B-00C04F79EFBC}") = "OsrsTool.Api.Tests", "tests\OsrsTool.Api.Tests\OsrsTool.Api.Tests.csproj", "{84593C01-DD9A-4EA6-81EA-90251674D4B8}"
EndProject
Global
	GlobalSection(SolutionConfigurationPlatforms) = preSolution
		Debug|Any CPU = Debug|Any CPU
		Debug|x64 = Debug|x64
		Debug|x86 = Debug|x86
		Release|Any CPU = Release|Any CPU
		Release|x64 = Release|x64
		Release|x86 = Release|x86
	EndGlobalSection
	GlobalSection(ProjectConfigurationPlatforms) = postSolution
		{4A890D86-3F1A-46F2-88D0-6653262986A3}.Debug|Any CPU.ActiveCfg = Debug|Any CPU
		{4A890D86-3F1A-46F2-88D0-6653262986A3}.Debug|Any CPU.Build.0 = Debug|Any CPU
		{4A890D86-3F1A-46F2-88D0-6653262986A3}.Debug|x64.ActiveCfg = Debug|Any CPU
		{4A890D86-3F1A-46F2-88D0-6653262986A3}.Debug|x64.Build.0 = Debug|Any CPU
		{4A890D86-3F1A-46F2-88D0-6653262986A3}.Debug|x86.ActiveCfg = Debug|Any CPU
		{4A890D86-3F1A-46F2-88D0-6653262986A3}.Debug|x86.Build.0 = Debug|Any CPU
		{4A890D86-3F1A-46F2-88D0-6653262986A3}.Release|Any CPU.ActiveCfg = Release|Any CPU
		{4A890D86-3F1A-46F2-88D0-6653262986A3}.Release|Any CPU.Build.0 = Release|Any CPU
		{4A890D86-3F1A-46F2-88D0-6653262986A3}.Release|x64.ActiveCfg = Release|Any CPU
		{4A890D86-3F1A-46F2-88D0-6653262986A3}.Release|x64.Build.0 = Release|Any CPU
		{4A890D86-3F1A-46F2-88D0-6653262986A3}.Release|x86.ActiveCfg = Release|Any CPU
		{4A890D86-3F1A-46F2-88D0-6653262986A3}.Release|x86.Build.0 = Release|Any CPU
		{EC34AFC4-76C0-4B54-91E7-BAA56DFD354A}.Debug|Any CPU.ActiveCfg = Debug|Any CPU
		{EC34AFC4-76C0-4B54-91E7-BAA56DFD354A}.Debug|Any CPU.Build.0 = Debug|Any CPU
		{EC34AFC4-76C0-4B54-91E7-BAA56DFD354A}.Debug|x64.ActiveCfg = Debug|Any CPU
		{EC34AFC4-76C0-4B54-91E7-BAA56DFD354A}.Debug|x64.Build.0 = Debug|Any CPU
		{EC34AFC4-76C0-4B54-91E7-BAA56DFD354A}.Debug|x86.ActiveCfg = Debug|Any CPU
		{EC34AFC4-76C0-4B54-91E7-BAA56DFD354A}.Debug|x86.Build.0 = Debug|Any CPU
		{EC34AFC4-76C0-4B54-91E7-BAA56DFD354A}.Release|Any CPU.ActiveCfg = Release|Any CPU
		{EC34AFC4-76C0-4B54-91E7-BAA56DFD354A}.Release|Any CPU.Build.0 = Release|Any CPU
		{EC34AFC4-76C0-4B54-91E7-BAA56DFD354A}.Release|x64.ActiveCfg = Release|Any CPU
		{EC34AFC4-76C0-4B54-91E7-BAA56DFD354A}.Release|x64.Build.0 = Release|Any CPU
		{EC34AFC4-76C0-4B54-91E7-BAA56DFD354A}.Release|x86.ActiveCfg = Release|Any CPU
		{EC34AFC4-76C0-4B54-91E7-BAA56DFD354A}.Release|x86.Build.0 = Release|Any CPU
		{CC4C3641-483C-443C-9318-658CC7EF87A4}.Debug|Any CPU.ActiveCfg = Debug|Any CPU
		{CC4C3641-483C-443C-9318-658CC7EF87A4}.Debug|Any CPU.Build.0 = Debug|Any CPU
		{CC4C3641-483C-443C-9318-658CC7EF87A4}.Debug|x64.ActiveCfg = Debug|Any CPU
		{CC4C3641-483C-443C-9318-658CC7EF87A4}.Debug|x64.Build.0 = Debug|Any CPU
		{CC4C3641-483C-443C-9318-658CC7EF87A4}.Debug|x86.ActiveCfg = Debug|Any CPU
		{CC4C3641-483C-443C-9318-658CC7EF87A4}.Debug|x86.Build.0 = Debug|Any CPU
		{CC4C3641-483C-443C-9318-658CC7EF87A4}.Release|Any CPU.ActiveCfg = Release|Any CPU
		{CC4C3641-483C-443C-9318-658CC7EF87A4}.Release|Any CPU.Build.0 = Release|Any CPU
		{CC4C3641-483C-443C-9318-658CC7EF87A4}.Release|x64.ActiveCfg = Release|Any CPU
		{CC4C3641-483C-443C-9318-658CC7EF87A4}.Release|x64.Build.0 = Release|Any CPU
		{CC4C3641-483C-443C-9318-658CC7EF87A4}.Release|x86.ActiveCfg = Release|Any CPU
		{CC4C3641-483C-443C-9318-658CC7EF87A4}.Release|x86.Build.0 = Release|Any CPU
		{3E6BDDB8-7450-4364-830C-7D38195E5830}.Debug|Any CPU.ActiveCfg = Debug|Any CPU
		{3E6BDDB8-7450-4364-830C-7D38195E5830}.Debug|Any CPU.Build.0 = Debug|Any CPU
		{3E6BDDB8-7450-4364-830C-7D38195E5830}.Debug|x64.ActiveCfg = Debug|Any CPU
		{3E6BDDB8-7450-4364-830C-7D38195E5830}.Debug|x64.Build.0 = Debug|Any CPU
		{3E6BDDB8-7450-4364-830C-7D38195E5830}.Debug|x86.ActiveCfg = Debug|Any CPU
		{3E6BDDB8-7450-4364-830C-7D38195E5830}.Debug|x86.Build.0 = Debug|Any CPU
		{3E6BDDB8-7450-4364-830C-7D38195E5830}.Release|Any CPU.ActiveCfg = Release|Any CPU
		{3E6BDDB8-7450-4364-830C-7D38195E5830}.Release|Any CPU.Build.0 = Release|Any CPU
		{3E6BDDB8-7450-4364-830C-7D38195E5830}.Release|x64.ActiveCfg = Release|Any CPU
		{3E6BDDB8-7450-4364-830C-7D38195E5830}.Release|x64.Build.0 = Release|Any CPU
		{3E6BDDB8-7450-4364-830C-7D38195E5830}.Release|x86.ActiveCfg = Release|Any CPU
		{3E6BDDB8-7450-4364-830C-7D38195E5830}.Release|x86.Build.0 = Release|Any CPU
		{C4B97E54-FEFB-4151-A638-57D03334C34B}.Debug|Any CPU.ActiveCfg = Debug|Any CPU
		{C4B97E54-FEFB-4151-A638-57D03334C34B}.Debug|Any CPU.Build.0 = Debug|Any CPU
		{C4B97E54-FEFB-4151-A638-57D03334C34B}.Debug|x64.ActiveCfg = Debug|Any CPU
		{C4B97E54-FEFB-4151-A638-57D03334C34B}.Debug|x64.Build.0 = Debug|Any CPU
		{C4B97E54-FEFB-4151-A638-57D03334C34B}.Debug|x86.ActiveCfg = Debug|Any CPU
		{C4B97E54-FEFB-4151-A638-57D03334C34B}.Debug|x86.Build.0 = Debug|Any CPU
		{C4B97E54-FEFB-4151-A638-57D03334C34B}.Release|Any CPU.ActiveCfg = Release|Any CPU
		{C4B97E54-FEFB-4151-A638-57D03334C34B}.Release|Any CPU.Build.0 = Release|Any CPU
		{C4B97E54-FEFB-4151-A638-57D03334C34B}.Release|x64.ActiveCfg = Release|Any CPU
		{C4B97E54-FEFB-4151-A638-57D03334C34B}.Release|x64.Build.0 = Release|Any CPU
		{C4B97E54-FEFB-4151-A638-57D03334C34B}.Release|x86.ActiveCfg = Release|Any CPU
		{C4B97E54-FEFB-4151-A638-57D03334C34B}.Release|x86.Build.0 = Release|Any CPU
		{E2E27220-D884-4868-A44E-82E959093229}.Debug|Any CPU.ActiveCfg = Debug|Any CPU
		{E2E27220-D884-4868-A44E-82E959093229}.Debug|Any CPU.Build.0 = Debug|Any CPU
		{E2E27220-D884-4868-A44E-82E959093229}.Debug|x64.ActiveCfg = Debug|Any CPU
		{E2E27220-D884-4868-A44E-82E959093229}.Debug|x64.Build.0 = Debug|Any CPU
		{E2E27220-D884-4868-A44E-82E959093229}.Debug|x86.ActiveCfg = Debug|Any CPU
		{E2E27220-D884-4868-A44E-82E959093229}.Debug|x86.Build.0 = Debug|Any CPU
		{E2E27220-D884-4868-A44E-82E959093229}.Release|Any CPU.ActiveCfg = Release|Any CPU
		{E2E27220-D884-4868-A44E-82E959093229}.Release|Any CPU.Build.0 = Release|Any CPU
		{E2E27220-D884-4868-A44E-82E959093229}.Release|x64.ActiveCfg = Release|Any CPU
		{E2E27220-D884-4868-A44E-82E959093229}.Release|x64.Build.0 = Release|Any CPU
		{E2E27220-D884-4868-A44E-82E959093229}.Release|x86.ActiveCfg = Release|Any CPU
		{E2E27220-D884-4868-A44E-82E959093229}.Release|x86.Build.0 = Release|Any CPU
		{84593C01-DD9A-4EA6-81EA-90251674D4B8}.Debug|Any CPU.ActiveCfg = Debug|Any CPU
		{84593C01-DD9A-4EA6-81EA-90251674D4B8}.Debug|Any CPU.Build.0 = Debug|Any CPU
		{84593C01-DD9A-4EA6-81EA-90251674D4B8}.Debug|x64.ActiveCfg = Debug|Any CPU
		{84593C01-DD9A-4EA6-81EA-90251674D4B8}.Debug|x64.Build.0 = Debug|Any CPU
		{84593C01-DD9A-4EA6-81EA-90251674D4B8}.Debug|x86.ActiveCfg = Debug|Any CPU
		{84593C01-DD9A-4EA6-81EA-90251674D4B8}.Debug|x86.Build.0 = Debug|Any CPU
		{84593C01-DD9A-4EA6-81EA-90251674D4B8}.Release|Any CPU.ActiveCfg = Release|Any CPU
		{84593C01-DD9A-4EA6-81EA-90251674D4B8}.Release|Any CPU.Build.0 = Release|Any CPU
		{84593C01-DD9A-4EA6-81EA-90251674D4B8}.Release|x64.ActiveCfg = Release|Any CPU
		{84593C01-DD9A-4EA6-81EA-90251674D4B8}.Release|x64.Build.0 = Release|Any CPU
		{84593C01-DD9A-4EA6-81EA-90251674D4B8}.Release|x86.ActiveCfg = Release|Any CPU
		{84593C01-DD9A-4EA6-81EA-90251674D4B8}.Release|x86.Build.0 = Release|Any CPU
	EndGlobalSection
	GlobalSection(SolutionProperties) = preSolution
		HideSolutionNode = FALSE
	EndGlobalSection
	GlobalSection(NestedProjects) = preSolution
		{4A890D86-3F1A-46F2-88D0-6653262986A3} = {827E0CD3-B72D-47B6-A68D-7590B98EB39B}
		{EC34AFC4-76C0-4B54-91E7-BAA56DFD354A} = {827E0CD3-B72D-47B6-A68D-7590B98EB39B}
		{CC4C3641-483C-443C-9318-658CC7EF87A4} = {827E0CD3-B72D-47B6-A68D-7590B98EB39B}
		{3E6BDDB8-7450-4364-830C-7D38195E5830} = {827E0CD3-B72D-47B6-A68D-7590B98EB39B}
		{C4B97E54-FEFB-4151-A638-57D03334C34B} = {0AB3BF05-4346-4AA6-1389-037BE0695223}
		{E2E27220-D884-4868-A44E-82E959093229} = {0AB3BF05-4346-4AA6-1389-037BE0695223}
		{84593C01-DD9A-4EA6-81EA-90251674D4B8} = {0AB3BF05-4346-4AA6-1389-037BE0695223}
	EndGlobalSection
EndGlobal
